
Microsoft Visual Studio Solution File, Format Version 12.00
# Visual Studio Version 16
VisualStudioVersion = 16.0.29911.84
MinimumVisualStudioVersion = 10.0.40219.1
Project("{FAE04EC0-301F-11D3-BF4B-00C04F79EFBC}") = "wewewew", "wewewew\wewewew.csproj", "{1215A72C-FF1C-49E0-B858-E0070A90FFD5}"
EndProject
Global
	GlobalSection(SolutionConfigurationPlatforms) = preSolution
		Debug|Any CPU = Debug|Any CPU
		Release|Any CPU = Release|Any CPU
	EndGlobalSection
	GlobalSection(ProjectConfigurationPlatforms) = postSolution
		{1215A72C-FF1C-49E0-B858-E0070A90FFD5}.Debug|Any CPU.ActiveCfg = Debug|Any CPU
		{1215A72C-FF1C-49E0-B858-E0070A90FFD5}.Debug|Any CPU.Build.0 = Debug|Any CPU
		{1215A72C-FF1C-49E0-B858-E0070A90FFD5}.Release|Any CPU.ActiveCfg = Release|Any CPU
		{1215A72C-FF1C-49E0-B858-E0070A90FFD5}.Release|Any CPU.Build.0 = Release|Any CPU
	EndGlobalSection
	GlobalSection(SolutionProperties) = preSolution
		HideSolutionNode = FALSE
	EndGlobalSection
	GlobalSection(ExtensibilityGlobals) = postSolution
		SolutionGuid = {E9494127-D450-470F-8EC8-2544EDC187E9}
	EndGlobalSection
EndGlobal
